
Microsoft Visual Studio Solution File, Format Version 12.00
# Visual Studio Version 17
VisualStudioVersion = 17.3.32819.101
MinimumVisualStudioVersion = 10.0.40219.1
Project("{FAE04EC0-301F-11D3-BF4B-00C04F79EFBC}") = "A_DAL", "A_DAL\A_DAL.csproj", "{13F23AF7-9E11-4052-8356-E15E357E8585}"
EndProject
Project("{FAE04EC0-301F-11D3-BF4B-00C04F79EFBC}") = "B_BUS", "B_BUS\B_BUS.csproj", "{2DFD058A-0A18-41C5-A6BE-3B852235C78D}"
EndProject
Project("{FAE04EC0-301F-11D3-BF4B-00C04F79EFBC}") = "C_PL", "C_PL\C_PL.csproj", "{776C359A-4CC2-49F8-A4AF-73B6F8747C65}"
EndProject
Global
	GlobalSection(SolutionConfigurationPlatforms) = preSolution
		Debug|Any CPU = Debug|Any CPU
		Release|Any CPU = Release|Any CPU
	EndGlobalSection
	GlobalSection(ProjectConfigurationPlatforms) = postSolution
		{13F23AF7-9E11-4052-8356-E15E357E8585}.Debug|Any CPU.ActiveCfg = Debug|Any CPU
		{13F23AF7-9E11-4052-8356-E15E357E8585}.Debug|Any CPU.Build.0 = Debug|Any CPU
		{13F23AF7-9E11-4052-8356-E15E357E8585}.Release|Any CPU.ActiveCfg = Release|Any CPU
		{13F23AF7-9E11-4052-8356-E15E357E8585}.Release|Any CPU.Build.0 = Release|Any CPU
		{2DFD058A-0A18-41C5-A6BE-3B852235C78D}.Debug|Any CPU.ActiveCfg = Debug|Any CPU
		{2DFD058A-0A18-41C5-A6BE-3B852235C78D}.Debug|Any CPU.Build.0 = Debug|Any CPU
		{2DFD058A-0A18-41C5-A6BE-3B852235C78D}.Release|Any CPU.ActiveCfg = Release|Any CPU
		{2DFD058A-0A18-41C5-A6BE-3B852235C78D}.Release|Any CPU.Build.0 = Release|Any CPU
		{776C359A-4CC2-49F8-A4AF-73B6F8747C65}.Debug|Any CPU.ActiveCfg = Debug|Any CPU
		{776C359A-4CC2-49F8-A4AF-73B6F8747C65}.Debug|Any CPU.Build.0 = Debug|Any CPU
		{776C359A-4CC2-49F8-A4AF-73B6F8747C65}.Release|Any CPU.ActiveCfg = Release|Any CPU
		{776C359A-4CC2-49F8-A4AF-73B6F8747C65}.Release|Any CPU.Build.0 = Release|Any CPU
	EndGlobalSection
	GlobalSection(SolutionProperties) = preSolution
		HideSolutionNode = FALSE
	EndGlobalSection
	GlobalSection(ExtensibilityGlobals) = postSolution
		SolutionGuid = {C7C28E85-4BA0-4762-8575-05BB9DCC83A8}
	EndGlobalSection
EndGlobal
